
Microsoft Visual Studio Solution File, Format Version 12.00
# Visual Studio Version 16
VisualStudioVersion = 16.0.31112.23
MinimumVisualStudioVersion = 10.0.40219.1
Project("{FAE04EC0-301F-11D3-BF4B-00C04F79EFBC}") = "RestaurantRater", "RestaurantRater\RestaurantRater.csproj", "{5F6B4D36-DCF9-4D46-AE33-C2C03915146E}"
EndProject
Global
	GlobalSection(SolutionConfigurationPlatforms) = preSolution
		Debug|Any CPU = Debug|Any CPU
		Release|Any CPU = Release|Any CPU
	EndGlobalSection
	GlobalSection(ProjectConfigurationPlatforms) = postSolution
		{5F6B4D36-DCF9-4D46-AE33-C2C03915146E}.Debug|Any CPU.ActiveCfg = Debug|Any CPU
		{5F6B4D36-DCF9-4D46-AE33-C2C03915146E}.Debug|Any CPU.Build.0 = Debug|Any CPU
		{5F6B4D36-DCF9-4D46-AE33-C2C03915146E}.Release|Any CPU.ActiveCfg = Release|Any CPU
		{5F6B4D36-DCF9-4D46-AE33-C2C03915146E}.Release|Any CPU.Build.0 = Release|Any CPU
	EndGlobalSection
	GlobalSection(SolutionProperties) = preSolution
		HideSolutionNode = FALSE
	EndGlobalSection
	GlobalSection(ExtensibilityGlobals) = postSolution
		SolutionGuid = {5862603F-2D9C-4580-B116-E5751BEA4530}
	EndGlobalSection
EndGlobal
